
Microsoft Visual Studio Solution File, Format Version 12.00
# Visual Studio 15
VisualStudioVersion = 15.0.28307.852
MinimumVisualStudioVersion = 10.0.40219.1
Project("{FAE04EC0-301F-11D3-BF4B-00C04F79EFBC}") = "BLL", "BLL\BLL.csproj", "{FCF66446-0D28-4915-B269-69E11F83284A}"
EndProject
Project("{FAE04EC0-301F-11D3-BF4B-00C04F79EFBC}") = "DAL", "DAL\DAL.csproj", "{477F1944-1C6D-4DF6-8023-41C21B600348}"
EndProject
Project("{FAE04EC0-301F-11D3-BF4B-00C04F79EFBC}") = "Entities", "Entities\Entities.csproj", "{28B32841-DADA-49E1-A834-AC1D43CC4575}"
EndProject
Project("{FAE04EC0-301F-11D3-BF4B-00C04F79EFBC}") = "UI", "UI\UI.csproj", "{0CA91A14-B902-4E08-8082-5851B1F61590}"
EndProject
Global
	GlobalSection(SolutionConfigurationPlatforms) = preSolution
		Debug|Any CPU = Debug|Any CPU
		Release|Any CPU = Release|Any CPU
	EndGlobalSection
	GlobalSection(ProjectConfigurationPlatforms) = postSolution
		{FCF66446-0D28-4915-B269-69E11F83284A}.Debug|Any CPU.ActiveCfg = Debug|Any CPU
		{FCF66446-0D28-4915-B269-69E11F83284A}.Debug|Any CPU.Build.0 = Debug|Any CPU
		{FCF66446-0D28-4915-B269-69E11F83284A}.Release|Any CPU.ActiveCfg = Release|Any CPU
		{FCF66446-0D28-4915-B269-69E11F83284A}.Release|Any CPU.Build.0 = Release|Any CPU
		{477F1944-1C6D-4DF6-8023-41C21B600348}.Debug|Any CPU.ActiveCfg = Debug|Any CPU
		{477F1944-1C6D-4DF6-8023-41C21B600348}.Debug|Any CPU.Build.0 = Debug|Any CPU
		{477F1944-1C6D-4DF6-8023-41C21B600348}.Release|Any CPU.ActiveCfg = Release|Any CPU
		{477F1944-1C6D-4DF6-8023-41C21B600348}.Release|Any CPU.Build.0 = Release|Any CPU
		{28B32841-DADA-49E1-A834-AC1D43CC4575}.Debug|Any CPU.ActiveCfg = Debug|Any CPU
		{28B32841-DADA-49E1-A834-AC1D43CC4575}.Debug|Any CPU.Build.0 = Debug|Any CPU
		{28B32841-DADA-49E1-A834-AC1D43CC4575}.Release|Any CPU.ActiveCfg = Release|Any CPU
		{28B32841-DADA-49E1-A834-AC1D43CC4575}.Release|Any CPU.Build.0 = Release|Any CPU
		{0CA91A14-B902-4E08-8082-5851B1F61590}.Debug|Any CPU.ActiveCfg = Debug|Any CPU
		{0CA91A14-B902-4E08-8082-5851B1F61590}.Debug|Any CPU.Build.0 = Debug|Any CPU
		{0CA91A14-B902-4E08-8082-5851B1F61590}.Release|Any CPU.ActiveCfg = Release|Any CPU
		{0CA91A14-B902-4E08-8082-5851B1F61590}.Release|Any CPU.Build.0 = Release|Any CPU
	EndGlobalSection
	GlobalSection(SolutionProperties) = preSolution
		HideSolutionNode = FALSE
	EndGlobalSection
	GlobalSection(ExtensibilityGlobals) = postSolution
		SolutionGuid = {078B78BB-A489-4106-AEB2-2670024BC1CC}
	EndGlobalSection
EndGlobal
